PATH
  remote: .
  specs:
    async-rabbitmq (0.1.0)
      amq-protocol (~> 2.3)
      async (~> 2.0)

GEM
  remote: https://rubygems.org/
  specs:
    amq-protocol (2.6.0)
    async (2.38.1)
      console (~> 1.29)
      fiber-annotation
      io-event (~> 1.11)
      metrics (~> 0.12)
      traces (~> 0.18)
    async-pool (0.11.2)
      async (>= 2.0)
    async-rspec (1.17.1)
      rspec (~> 3.0)
      rspec-files (~> 1.0)
      rspec-memory (~> 1.0)
    console (1.34.3)
      fiber-annotation
      fiber-local (~> 1.1)
      json
    diff-lcs (1.6.2)
    docile (1.4.1)
    fiber-annotation (0.2.0)
    fiber-local (1.1.0)
      fiber-storage
    fiber-storage (1.0.1)
    fiddle (1.1.8)
    io-event (1.14.5)
    json (2.19.3)
    logger (1.7.0)
    metrics (0.15.0)
    rspec (3.13.2)
      rspec-core (~> 3.13.0)
      rspec-expectations (~> 3.13.0)
      rspec-mocks (~> 3.13.0)
    rspec-core (3.13.6)
      rspec-support (~> 3.13.0)
    rspec-expectations (3.13.5)
      diff-lcs (>= 1.2.0, < 2.0)
      rspec-support (~> 3.13.0)
    rspec-files (1.1.3)
      rspec (~> 3.0)
    rspec-memory (1.0.4)
      rspec (~> 3.0)
    rspec-mocks (3.13.8)
      diff-lcs (>= 1.2.0, < 2.0)
      rspec-support (~> 3.13.0)
    rspec-support (3.13.7)
    simplecov (0.22.0)
      docile (~> 1.1)
      simplecov-html (~> 0.11)
      simplecov_json_formatter (~> 0.1)
    simplecov-html (0.13.2)
    simplecov_json_formatter (0.1.4)
    toxiproxy (2.0.2)
    traces (0.18.2)

PLATFORMS
  x64-mingw-ucrt

DEPENDENCIES
  async-pool (~> 0.11)
  async-rabbitmq!
  async-rspec (~> 1.17)
  fiddle
  logger
  rspec (~> 3.13)
  simplecov (~> 0.22)
  toxiproxy (~> 2.0)

CHECKSUMS
  amq-protocol (2.6.0) sha256=7cf32835c37a3009356ff7bbe465e698f9886b8b4363a66ad9a4b46c621fe137
  async (2.38.1) sha256=72ba6b7de04d852355458bfe891221226bb7d29f055f5cb043ae3345497f8cec
  async-pool (0.11.2) sha256=0a43a17b02b04d9c451b7d12fafa9a50e55dc6dd00d4369aca00433f16a7e3ed
  async-rabbitmq (0.1.0)
  async-rspec (1.17.1) sha256=8336a64d44cbb372564e3ee06e0ced6c74ecbc858bb954fdeab4b7d67bfab98c
  console (1.34.3) sha256=869fbd74697efc4c606f102d2812b0b008e4e7fd738a91c591e8577140ec0dcc
  diff-lcs (1.6.2) sha256=9ae0d2cba7d4df3075fe8cd8602a8604993efc0dfa934cff568969efb1909962
  docile (1.4.1) sha256=96159be799bfa73cdb721b840e9802126e4e03dfc26863db73647204c727f21e
  fiber-annotation (0.2.0) sha256=7abfadf1d119f508867d4103bf231c0354d019cc39a5738945dec2edadaf6c03
  fiber-local (1.1.0) sha256=c885f94f210fb9b05737de65d511136ea602e00c5105953748aa0f8793489f06
  fiber-storage (1.0.1) sha256=f48e5b6d8b0be96dac486332b55cee82240057065dc761c1ea692b2e719240e1
  fiddle (1.1.8) sha256=7fa8ee3627271497f3add5503acdbc3f40b32f610fc1cf49634f083ef3f32eee
  io-event (1.14.5) sha256=68ac367032a3873416dc2e0b67332dfaf2e23b65b58e6465d301c7e5cd9163b1
  json (2.19.3) sha256=289b0bb53052a1fa8c34ab33cc750b659ba14a5c45f3fcf4b18762dc67c78646
  logger (1.7.0) sha256=196edec7cc44b66cfb40f9755ce11b392f21f7967696af15d274dde7edff0203
  metrics (0.15.0) sha256=61ded5bac95118e995b1bc9ed4a5f19bc9814928a312a85b200abbdac9039072
  rspec (3.13.2) sha256=206284a08ad798e61f86d7ca3e376718d52c0bc944626b2349266f239f820587
  rspec-core (3.13.6) sha256=a8823c6411667b60a8bca135364351dda34cd55e44ff94c4be4633b37d828b2d
  rspec-expectations (3.13.5) sha256=33a4d3a1d95060aea4c94e9f237030a8f9eae5615e9bd85718fe3a09e4b58836
  rspec-files (1.1.3) sha256=bce4c9d263dbf618f36f6986b957c668c28fbfed9e18ead35822640152be99a0
  rspec-memory (1.0.4) sha256=451eae4496d3ad70713e47b0dbfeb7909b1805f0a76772c511a7e9e5e1552e60
  rspec-mocks (3.13.8) sha256=086ad3d3d17533f4237643de0b5c42f04b66348c28bf6b9c2d3f4a3b01af1d47
  rspec-support (3.13.7) sha256=0640e5570872aafefd79867901deeeeb40b0c9875a36b983d85f54fb7381c47c
  simplecov (0.22.0) sha256=fe2622c7834ff23b98066bb0a854284b2729a569ac659f82621fc22ef36213a5
  simplecov-html (0.13.2) sha256=bd0b8e54e7c2d7685927e8d6286466359b6f16b18cb0df47b508e8d73c777246
  simplecov_json_formatter (0.1.4) sha256=529418fbe8de1713ac2b2d612aa3daa56d316975d307244399fa4838c601b428
  toxiproxy (2.0.2) sha256=2e3b53604fb921d40da3db8f78a52b3133fcae33e93d440725335b15974e440a
  traces (0.18.2) sha256=80f1649cb4daace1d7174b81f3b3b7427af0b93047759ba349960cb8f315e214

BUNDLED WITH
  4.0.6
